
Microsoft Visual Studio Solution File, Format Version 12.00
# Visual Studio Version 17
VisualStudioVersion = 17.1.32228.430
MinimumVisualStudioVersion = 10.0.40219.1
Project("{FAE04EC0-301F-11D3-BF4B-00C04F79EFBC}") = "RememberMeCheckBox", "RememberMeCheckBox\RememberMeCheckBox.csproj", "{7ADCFB07-FFB5-47B5-AC0F-9FC657880A1B}"
EndProject
Global
	GlobalSection(SolutionConfigurationPlatforms) = preSolution
		Debug|Any CPU = Debug|Any CPU
		Release|Any CPU = Release|Any CPU
	EndGlobalSection
	GlobalSection(ProjectConfigurationPlatforms) = postSolution
		{7ADCFB07-FFB5-47B5-AC0F-9FC657880A1B}.Debug|Any CPU.ActiveCfg = Debug|Any CPU
		{7ADCFB07-FFB5-47B5-AC0F-9FC657880A1B}.Debug|Any CPU.Build.0 = Debug|Any CPU
		{7ADCFB07-FFB5-47B5-AC0F-9FC657880A1B}.Release|Any CPU.ActiveCfg = Release|Any CPU
		{7ADCFB07-FFB5-47B5-AC0F-9FC657880A1B}.Release|Any CPU.Build.0 = Release|Any CPU
	EndGlobalSection
	GlobalSection(SolutionProperties) = preSolution
		HideSolutionNode = FALSE
	EndGlobalSection
	GlobalSection(ExtensibilityGlobals) = postSolution
		SolutionGuid = {A92A0BD7-7117-452D-9C26-0A731F9554B6}
	EndGlobalSection
EndGlobal
