
Microsoft Visual Studio Solution File, Format Version 12.00
# Visual Studio Version 17
VisualStudioVersion = 17.1.32228.430
MinimumVisualStudioVersion = 10.0.40219.1
Project("{FAE04EC0-301F-11D3-BF4B-00C04F79EFBC}") = "StronglyType_HTML_Helper", "StronglyType_HTML_Helper\StronglyType_HTML_Helper.csproj", "{FC33CFD7-0876-4A43-A747-651C7D7ACB6D}"
EndProject
Global
	GlobalSection(SolutionConfigurationPlatforms) = preSolution
		Debug|Any CPU = Debug|Any CPU
		Release|Any CPU = Release|Any CPU
	EndGlobalSection
	GlobalSection(ProjectConfigurationPlatforms) = postSolution
		{FC33CFD7-0876-4A43-A747-651C7D7ACB6D}.Debug|Any CPU.ActiveCfg = Debug|Any CPU
		{FC33CFD7-0876-4A43-A747-651C7D7ACB6D}.Debug|Any CPU.Build.0 = Debug|Any CPU
		{FC33CFD7-0876-4A43-A747-651C7D7ACB6D}.Release|Any CPU.ActiveCfg = Release|Any CPU
		{FC33CFD7-0876-4A43-A747-651C7D7ACB6D}.Release|Any CPU.Build.0 = Release|Any CPU
	EndGlobalSection
	GlobalSection(SolutionProperties) = preSolution
		HideSolutionNode = FALSE
	EndGlobalSection
	GlobalSection(ExtensibilityGlobals) = postSolution
		SolutionGuid = {5024097E-9C45-4418-81D4-C147370DDD16}
	EndGlobalSection
EndGlobal
