
Microsoft Visual Studio Solution File, Format Version 12.00
# Visual Studio Version 17
VisualStudioVersion = 17.1.32228.430
MinimumVisualStudioVersion = 10.0.40219.1
Project("{FAE04EC0-301F-11D3-BF4B-00C04F79EFBC}") = "PracticeMVC", "PracticeMVC\PracticeMVC.csproj", "{B862C6F3-B2C1-464D-840D-8318CE309813}"
EndProject
Global
	GlobalSection(SolutionConfigurationPlatforms) = preSolution
		Debug|Any CPU = Debug|Any CPU
		Release|Any CPU = Release|Any CPU
	EndGlobalSection
	GlobalSection(ProjectConfigurationPlatforms) = postSolution
		{B862C6F3-B2C1-464D-840D-8318CE309813}.Debug|Any CPU.ActiveCfg = Debug|Any CPU
		{B862C6F3-B2C1-464D-840D-8318CE309813}.Debug|Any CPU.Build.0 = Debug|Any CPU
		{B862C6F3-B2C1-464D-840D-8318CE309813}.Release|Any CPU.ActiveCfg = Release|Any CPU
		{B862C6F3-B2C1-464D-840D-8318CE309813}.Release|Any CPU.Build.0 = Release|Any CPU
	EndGlobalSection
	GlobalSection(SolutionProperties) = preSolution
		HideSolutionNode = FALSE
	EndGlobalSection
	GlobalSection(ExtensibilityGlobals) = postSolution
		SolutionGuid = {9B54E86C-91F2-48F4-B960-C414B9461EEA}
	EndGlobalSection
EndGlobal
