
Microsoft Visual Studio Solution File, Format Version 12.00
# Visual Studio Version 17
VisualStudioVersion = 17.1.32228.430
MinimumVisualStudioVersion = 10.0.40219.1
Project("{FAE04EC0-301F-11D3-BF4B-00C04F79EFBC}") = "ActionMethodDemo", "ActionMethodDemo\ActionMethodDemo.csproj", "{24E5E89D-4B75-4054-A3AF-A2A38B23BABF}"
EndProject
Global
	GlobalSection(SolutionConfigurationPlatforms) = preSolution
		Debug|Any CPU = Debug|Any CPU
		Release|Any CPU = Release|Any CPU
	EndGlobalSection
	GlobalSection(ProjectConfigurationPlatforms) = postSolution
		{24E5E89D-4B75-4054-A3AF-A2A38B23BABF}.Debug|Any CPU.ActiveCfg = Debug|Any CPU
		{24E5E89D-4B75-4054-A3AF-A2A38B23BABF}.Debug|Any CPU.Build.0 = Debug|Any CPU
		{24E5E89D-4B75-4054-A3AF-A2A38B23BABF}.Release|Any CPU.ActiveCfg = Release|Any CPU
		{24E5E89D-4B75-4054-A3AF-A2A38B23BABF}.Release|Any CPU.Build.0 = Release|Any CPU
	EndGlobalSection
	GlobalSection(SolutionProperties) = preSolution
		HideSolutionNode = FALSE
	EndGlobalSection
	GlobalSection(ExtensibilityGlobals) = postSolution
		SolutionGuid = {B8EC813F-D462-4928-8FF6-6E73C317C759}
	EndGlobalSection
EndGlobal
