
Microsoft Visual Studio Solution File, Format Version 12.00
# Visual Studio Version 17
VisualStudioVersion = 17.1.32228.430
MinimumVisualStudioVersion = 10.0.40219.1
Project("{FAE04EC0-301F-11D3-BF4B-00C04F79EFBC}") = "TempDataDemo", "TempDataDemo\TempDataDemo.csproj", "{ECB4070F-316F-4E2F-85F9-9D29E996384E}"
EndProject
Global
	GlobalSection(SolutionConfigurationPlatforms) = preSolution
		Debug|Any CPU = Debug|Any CPU
		Release|Any CPU = Release|Any CPU
	EndGlobalSection
	GlobalSection(ProjectConfigurationPlatforms) = postSolution
		{ECB4070F-316F-4E2F-85F9-9D29E996384E}.Debug|Any CPU.ActiveCfg = Debug|Any CPU
		{ECB4070F-316F-4E2F-85F9-9D29E996384E}.Debug|Any CPU.Build.0 = Debug|Any CPU
		{ECB4070F-316F-4E2F-85F9-9D29E996384E}.Release|Any CPU.ActiveCfg = Release|Any CPU
		{ECB4070F-316F-4E2F-85F9-9D29E996384E}.Release|Any CPU.Build.0 = Release|Any CPU
	EndGlobalSection
	GlobalSection(SolutionProperties) = preSolution
		HideSolutionNode = FALSE
	EndGlobalSection
	GlobalSection(ExtensibilityGlobals) = postSolution
		SolutionGuid = {49BE749C-823A-496C-87CF-0B416E03FB64}
	EndGlobalSection
EndGlobal
