
Microsoft Visual Studio Solution File, Format Version 12.00
# Visual Studio Version 17
VisualStudioVersion = 17.1.32228.430
MinimumVisualStudioVersion = 10.0.40219.1
Project("{FAE04EC0-301F-11D3-BF4B-00C04F79EFBC}") = "ViewDataDemo", "ViewDataDemo\ViewDataDemo.csproj", "{81661E53-5DC5-4865-A011-E01C5B165E4F}"
EndProject
Global
	GlobalSection(SolutionConfigurationPlatforms) = preSolution
		Debug|Any CPU = Debug|Any CPU
		Release|Any CPU = Release|Any CPU
	EndGlobalSection
	GlobalSection(ProjectConfigurationPlatforms) = postSolution
		{81661E53-5DC5-4865-A011-E01C5B165E4F}.Debug|Any CPU.ActiveCfg = Debug|Any CPU
		{81661E53-5DC5-4865-A011-E01C5B165E4F}.Debug|Any CPU.Build.0 = Debug|Any CPU
		{81661E53-5DC5-4865-A011-E01C5B165E4F}.Release|Any CPU.ActiveCfg = Release|Any CPU
		{81661E53-5DC5-4865-A011-E01C5B165E4F}.Release|Any CPU.Build.0 = Release|Any CPU
	EndGlobalSection
	GlobalSection(SolutionProperties) = preSolution
		HideSolutionNode = FALSE
	EndGlobalSection
	GlobalSection(ExtensibilityGlobals) = postSolution
		SolutionGuid = {C26AD9C3-3F8A-408B-8B32-7BC3097DB5F9}
	EndGlobalSection
EndGlobal
